
Microsoft Visual Studio Solution File, Format Version 12.00
# Visual Studio Version 17
VisualStudioVersion = 17.14.36203.30
MinimumVisualStudioVersion = 10.0.40219.1
Project("{FAE04EC0-301F-11D3-BF4B-00C04F79EFBC}") = "Suitability.Api", "Suitability.Api\Suitability.Api.csproj", "{87148F4A-67D1-44E5-945C-97D84E9C5517}"
EndProject
Project("{FAE04EC0-301F-11D3-BF4B-00C04F79EFBC}") = "Suitability.Application", "Suitability.Application\Suitability.Application.csproj", "{0CA18D01-90A5-4AD8-A1C4-417CB6E01344}"
EndProject
Project("{FAE04EC0-301F-11D3-BF4B-00C04F79EFBC}") = "Suitability.Infrastructure", "Suitability.Infrastructure\Suitability.Infrastructure.csproj", "{24A34167-C45A-43CF-AA4C-D716EF5C3034}"
EndProject
Project("{FAE04EC0-301F-11D3-BF4B-00C04F79EFBC}") = "Suitability.Domain", "Suitability.Domain\Suitability.Domain.csproj", "{675D2E46-6A40-44FB-AEF3-3270A8BBA2DC}"
EndProject
Project("{2150E333-8FDC-42A3-9474-1A3956D46DE8}") = "src", "src", "{02EA681E-C7D8-13C7-8484-4AC65E1B71E8}"
EndProject
Project("{2150E333-8FDC-42A3-9474-1A3956D46DE8}") = "devops", "devops", "{99D98453-FA6D-44C1-897D-0E7C8A564D62}"
	ProjectSection(SolutionItems) = preProject
		Devops\Scripts\AccountScript.sql = Devops\Scripts\AccountScript.sql
	EndProjectSection
EndProject
Global
	GlobalSection(SolutionConfigurationPlatforms) = preSolution
		Debug|Any CPU = Debug|Any CPU
		Release|Any CPU = Release|Any CPU
	EndGlobalSection
	GlobalSection(ProjectConfigurationPlatforms) = postSolution
		{87148F4A-67D1-44E5-945C-97D84E9C5517}.Debug|Any CPU.ActiveCfg = Debug|Any CPU
		{87148F4A-67D1-44E5-945C-97D84E9C5517}.Debug|Any CPU.Build.0 = Debug|Any CPU
		{87148F4A-67D1-44E5-945C-97D84E9C5517}.Release|Any CPU.ActiveCfg = Release|Any CPU
		{87148F4A-67D1-44E5-945C-97D84E9C5517}.Release|Any CPU.Build.0 = Release|Any CPU
		{0CA18D01-90A5-4AD8-A1C4-417CB6E01344}.Debug|Any CPU.ActiveCfg = Debug|Any CPU
		{0CA18D01-90A5-4AD8-A1C4-417CB6E01344}.Debug|Any CPU.Build.0 = Debug|Any CPU
		{0CA18D01-90A5-4AD8-A1C4-417CB6E01344}.Release|Any CPU.ActiveCfg = Release|Any CPU
		{0CA18D01-90A5-4AD8-A1C4-417CB6E01344}.Release|Any CPU.Build.0 = Release|Any CPU
		{24A34167-C45A-43CF-AA4C-D716EF5C3034}.Debug|Any CPU.ActiveCfg = Debug|Any CPU
		{24A34167-C45A-43CF-AA4C-D716EF5C3034}.Debug|Any CPU.Build.0 = Debug|Any CPU
		{24A34167-C45A-43CF-AA4C-D716EF5C3034}.Release|Any CPU.ActiveCfg = Release|Any CPU
		{24A34167-C45A-43CF-AA4C-D716EF5C3034}.Release|Any CPU.Build.0 = Release|Any CPU
		{675D2E46-6A40-44FB-AEF3-3270A8BBA2DC}.Debug|Any CPU.ActiveCfg = Debug|Any CPU
		{675D2E46-6A40-44FB-AEF3-3270A8BBA2DC}.Debug|Any CPU.Build.0 = Debug|Any CPU
		{675D2E46-6A40-44FB-AEF3-3270A8BBA2DC}.Release|Any CPU.ActiveCfg = Release|Any CPU
		{675D2E46-6A40-44FB-AEF3-3270A8BBA2DC}.Release|Any CPU.Build.0 = Release|Any CPU
	EndGlobalSection
	GlobalSection(SolutionProperties) = preSolution
		HideSolutionNode = FALSE
	EndGlobalSection
	GlobalSection(NestedProjects) = preSolution
		{87148F4A-67D1-44E5-945C-97D84E9C5517} = {02EA681E-C7D8-13C7-8484-4AC65E1B71E8}
		{0CA18D01-90A5-4AD8-A1C4-417CB6E01344} = {02EA681E-C7D8-13C7-8484-4AC65E1B71E8}
		{24A34167-C45A-43CF-AA4C-D716EF5C3034} = {02EA681E-C7D8-13C7-8484-4AC65E1B71E8}
		{675D2E46-6A40-44FB-AEF3-3270A8BBA2DC} = {02EA681E-C7D8-13C7-8484-4AC65E1B71E8}
	EndGlobalSection
	GlobalSection(ExtensibilityGlobals) = postSolution
		SolutionGuid = {F3E051A4-4E0D-45AA-99EE-9D794469B45A}
	EndGlobalSection
EndGlobal
