
Microsoft Visual Studio Solution File, Format Version 12.00
# Visual Studio Version 17
VisualStudioVersion = 17.14.36203.30 d17.14
MinimumVisualStudioVersion = 10.0.40219.1
Project("{FAE04EC0-301F-11D3-BF4B-00C04F79EFBC}") = "Suitability.Account.Api", "Suitability.Account.Api\Suitability.Account.Api.csproj", "{87148F4A-67D1-44E5-945C-97D84E9C5517}"
EndProject
Global
	GlobalSection(SolutionConfigurationPlatforms) = preSolution
		Debug|Any CPU = Debug|Any CPU
		Release|Any CPU = Release|Any CPU
	EndGlobalSection
	GlobalSection(ProjectConfigurationPlatforms) = postSolution
		{87148F4A-67D1-44E5-945C-97D84E9C5517}.Debug|Any CPU.ActiveCfg = Debug|Any CPU
		{87148F4A-67D1-44E5-945C-97D84E9C5517}.Debug|Any CPU.Build.0 = Debug|Any CPU
		{87148F4A-67D1-44E5-945C-97D84E9C5517}.Release|Any CPU.ActiveCfg = Release|Any CPU
		{87148F4A-67D1-44E5-945C-97D84E9C5517}.Release|Any CPU.Build.0 = Release|Any CPU
	EndGlobalSection
	GlobalSection(SolutionProperties) = preSolution
		HideSolutionNode = FALSE
	EndGlobalSection
	GlobalSection(ExtensibilityGlobals) = postSolution
		SolutionGuid = {F3E051A4-4E0D-45AA-99EE-9D794469B45A}
	EndGlobalSection
EndGlobal
